PODS:
  - AVOSCloud (2.6.6)
  - FMDB (2.4):
    - FMDB/standard (= 2.4)
  - FMDB/common (2.4)
  - FMDB/standard (2.4):
    - FMDB/common
  - HTCopyableLabel (0.0.7)
  - ionicons (1.5.2)

DEPENDENCIES:
  - AVOSCloud
  - FMDB
  - HTCopyableLabel
  - ionicons

SPEC CHECKSUMS:
  AVOSCloud: 88472078f50f51e109e08efa5b49be616e1ae893
  FMDB: d274d9ff773415735022ac57bfba9f6002f9fed8
  HTCopyableLabel: e67c190d2f1f8f03c9d9858a7d8ce33be7fb43fa
  ionicons: 3711c0d69cddccc44c7888730821b4000834ad69

COCOAPODS: 0.38.2
