PODS:
  - AVOSCloud (2.6.6)
  - FMDB (2.4):
    - FMDB/standard
  - FMDB/common (2.4)
  - FMDB/standard (2.4):
    - FMDB/common
  - HTCopyableLabel (0.0.7)

DEPENDENCIES:
  - AVOSCloud
  - FMDB
  - HTCopyableLabel

SPEC CHECKSUMS:
  AVOSCloud: 88472078f50f51e109e08efa5b49be616e1ae893
  FMDB: 0b2fa25e5264ef177973c0cb8c02c711107979aa
  HTCopyableLabel: 4cbbeb9ddecbcb841a6e9a8023f77fc48ef37db0

COCOAPODS: 0.34.2
