<?xml version="1.0" encoding="UTF-8"?>
<!DOCTYPE plist PUBLIC "-//Apple//DTD PLIST 1.0//EN" "http://www.apple.com/DTDs/PropertyList-1.0.dtd">
<plist version="1.0">
<dict>
	<key>archiveVersion</key>
	<string>1</string>
	<key>classes</key>
	<dict/>
	<key>objectVersion</key>
	<string>46</string>
	<key>objects</key>
	<dict>
		<key>051C225419B8B1FC00FA14E8</key>
		<dict>
			<key>isa</key>
			<string>PBXFileReference</string>
			<key>lastKnownFileType</key>
			<string>compiled.mach-o.dylib</string>
			<key>name</key>
			<string>libz.dylib</string>
			<key>path</key>
			<string>usr/lib/libz.dylib</string>
			<key>sourceTree</key>
			<string>SDKROOT</string>
		</dict>
		<key>0573FF2119682050005341F2</key>
		<dict>
			<key>fileEncoding</key>
			<string>4</string>
			<key>isa</key>
			<string>PBXFileReference</string>
			<key>lastKnownFileType</key>
			<string>file.xib</string>
			<key>path</key>
			<string>XCZWorksViewController.xib</string>
			<key>sourceTree</key>
			<string>&lt;group&gt;</string>
		</dict>
		<key>0573FF2219682050005341F2</key>
		<dict>
			<key>fileRef</key>
			<string>0573FF2119682050005341F2</string>
			<key>isa</key>
			<string>PBXBuildFile</string>
		</dict>
		<key>0573FF23196847A0005341F2</key>
		<dict>
			<key>fileEncoding</key>
			<string>4</string>
			<key>isa</key>
			<string>PBXFileReference</string>
			<key>lastKnownFileType</key>
			<string>file.xib</string>
			<key>path</key>
			<string>XCZAuthorsViewController.xib</string>
			<key>sourceTree</key>
			<string>&lt;group&gt;</string>
		</dict>
		<key>0573FF24196847A0005341F2</key>
		<dict>
			<key>fileRef</key>
			<string>0573FF23196847A0005341F2</string>
			<key>isa</key>
			<string>PBXBuildFile</string>
		</dict>
		<key>05827A9E196A8236003ABBDD</key>
		<dict>
			<key>fileEncoding</key>
			<string>4</string>
			<key>isa</key>
			<string>PBXFileReference</string>
			<key>lastKnownFileType</key>
			<string>sourcecode.c.h</string>
			<key>path</key>
			<string>XCZUtils.h</string>
			<key>sourceTree</key>
			<string>&lt;group&gt;</string>
		</dict>
		<key>05827A9F196A8236003ABBDD</key>
		<dict>
			<key>fileEncoding</key>
			<string>4</string>
			<key>isa</key>
			<string>PBXFileReference</string>
			<key>lastKnownFileType</key>
			<string>sourcecode.c.objc</string>
			<key>path</key>
			<string>XCZUtils.m</string>
			<key>sourceTree</key>
			<string>&lt;group&gt;</string>
		</dict>
		<key>05827AA0196A8236003ABBDD</key>
		<dict>
			<key>fileRef</key>
			<string>05827A9F196A8236003ABBDD</string>
			<key>isa</key>
			<string>PBXBuildFile</string>
		</dict>
		<key>05ABB5C71961525900341AAC</key>
		<dict>
			<key>fileEncoding</key>
			<string>4</string>
			<key>isa</key>
			<string>PBXFileReference</string>
			<key>lastKnownFileType</key>
			<string>sourcecode.c.h</string>
			<key>path</key>
			<string>XCZWorkDetailViewController.h</string>
			<key>sourceTree</key>
			<string>&lt;group&gt;</string>
		</dict>
		<key>05ABB5C81961525900341AAC</key>
		<dict>
			<key>fileEncoding</key>
			<string>4</string>
			<key>isa</key>
			<string>PBXFileReference</string>
			<key>lastKnownFileType</key>
			<string>sourcecode.c.objc</string>
			<key>path</key>
			<string>XCZWorkDetailViewController.m</string>
			<key>sourceTree</key>
			<string>&lt;group&gt;</string>
		</dict>
		<key>05ABB5C91961525900341AAC</key>
		<dict>
			<key>fileEncoding</key>
			<string>4</string>
			<key>isa</key>
			<string>PBXFileReference</string>
			<key>lastKnownFileType</key>
			<string>file.xib</string>
			<key>path</key>
			<string>XCZWorkDetailViewController.xib</string>
			<key>sourceTree</key>
			<string>&lt;group&gt;</string>
		</dict>
		<key>05ABB5CA1961525900341AAC</key>
		<dict>
			<key>fileRef</key>
			<string>05ABB5C81961525900341AAC</string>
			<key>isa</key>
			<string>PBXBuildFile</string>
		</dict>
		<key>05ABB5CB1961525900341AAC</key>
		<dict>
			<key>fileRef</key>
			<string>05ABB5C91961525900341AAC</string>
			<key>isa</key>
			<string>PBXBuildFile</string>
		</dict>
		<key>05B22876195F0F1600F91BCC</key>
		<dict>
			<key>fileEncoding</key>
			<string>4</string>
			<key>isa</key>
			<string>PBXFileReference</string>
			<key>lastKnownFileType</key>
			<string>sourcecode.c.h</string>
			<key>path</key>
			<string>XCZWorksViewController.h</string>
			<key>sourceTree</key>
			<string>&lt;group&gt;</string>
		</dict>
		<key>05B22877195F0F1600F91BCC</key>
		<dict>
			<key>fileEncoding</key>
			<string>4</string>
			<key>isa</key>
			<string>PBXFileReference</string>
			<key>lastKnownFileType</key>
			<string>sourcecode.c.objc</string>
			<key>path</key>
			<string>XCZWorksViewController.m</string>
			<key>sourceTree</key>
			<string>&lt;group&gt;</string>
		</dict>
		<key>05B22879195F0F1600F91BCC</key>
		<dict>
			<key>fileRef</key>
			<string>05B22877195F0F1600F91BCC</string>
			<key>isa</key>
			<string>PBXBuildFile</string>
		</dict>
		<key>05B2287B195FCEBE00F91BCC</key>
		<dict>
			<key>isa</key>
			<string>PBXFileReference</string>
			<key>lastKnownFileType</key>
			<string>file</string>
			<key>path</key>
			<string>xcz.db</string>
			<key>sourceTree</key>
			<string>&lt;group&gt;</string>
		</dict>
		<key>05B2287C195FD19500F91BCC</key>
		<dict>
			<key>fileRef</key>
			<string>05B2287B195FCEBE00F91BCC</string>
			<key>isa</key>
			<string>PBXBuildFile</string>
		</dict>
		<key>05B2287D196024ED00F91BCC</key>
		<dict>
			<key>fileEncoding</key>
			<string>4</string>
			<key>isa</key>
			<string>PBXFileReference</string>
			<key>lastKnownFileType</key>
			<string>sourcecode.c.h</string>
			<key>path</key>
			<string>XCZWork.h</string>
			<key>sourceTree</key>
			<string>&lt;group&gt;</string>
		</dict>
		<key>05B2287E196024ED00F91BCC</key>
		<dict>
			<key>fileEncoding</key>
			<string>4</string>
			<key>isa</key>
			<string>PBXFileReference</string>
			<key>lastKnownFileType</key>
			<string>sourcecode.c.objc</string>
			<key>path</key>
			<string>XCZWork.m</string>
			<key>sourceTree</key>
			<string>&lt;group&gt;</string>
		</dict>
		<key>05B2287F196024ED00F91BCC</key>
		<dict>
			<key>fileRef</key>
			<string>05B2287E196024ED00F91BCC</string>
			<key>isa</key>
			<string>PBXBuildFile</string>
		</dict>
		<key>05CC12F3196569690014989C</key>
		<dict>
			<key>fileEncoding</key>
			<string>4</string>
			<key>isa</key>
			<string>PBXFileReference</string>
			<key>lastKnownFileType</key>
			<string>sourcecode.c.h</string>
			<key>path</key>
			<string>XCZAuthorsViewController.h</string>
			<key>sourceTree</key>
			<string>&lt;group&gt;</string>
		</dict>
		<key>05CC12F4196569690014989C</key>
		<dict>
			<key>fileEncoding</key>
			<string>4</string>
			<key>isa</key>
			<string>PBXFileReference</string>
			<key>lastKnownFileType</key>
			<string>sourcecode.c.objc</string>
			<key>path</key>
			<string>XCZAuthorsViewController.m</string>
			<key>sourceTree</key>
			<string>&lt;group&gt;</string>
		</dict>
		<key>05CC12F5196569690014989C</key>
		<dict>
			<key>fileRef</key>
			<string>05CC12F4196569690014989C</string>
			<key>isa</key>
			<string>PBXBuildFile</string>
		</dict>
		<key>05CC12F6196569DD0014989C</key>
		<dict>
			<key>fileEncoding</key>
			<string>4</string>
			<key>isa</key>
			<string>PBXFileReference</string>
			<key>lastKnownFileType</key>
			<string>sourcecode.c.h</string>
			<key>path</key>
			<string>XCZAuthor.h</string>
			<key>sourceTree</key>
			<string>&lt;group&gt;</string>
		</dict>
		<key>05CC12F7196569DD0014989C</key>
		<dict>
			<key>fileEncoding</key>
			<string>4</string>
			<key>isa</key>
			<string>PBXFileReference</string>
			<key>lastKnownFileType</key>
			<string>sourcecode.c.objc</string>
			<key>path</key>
			<string>XCZAuthor.m</string>
			<key>sourceTree</key>
			<string>&lt;group&gt;</string>
		</dict>
		<key>05CC12F8196569DD0014989C</key>
		<dict>
			<key>fileRef</key>
			<string>05CC12F7196569DD0014989C</string>
			<key>isa</key>
			<string>PBXBuildFile</string>
		</dict>
		<key>05CC12F9196569E80014989C</key>
		<dict>
			<key>children</key>
			<array>
				<string>05CC12F6196569DD0014989C</string>
				<string>05CC12F7196569DD0014989C</string>
				<string>05B2287D196024ED00F91BCC</string>
				<string>05B2287E196024ED00F91BCC</string>
				<string>05CC12FA196583F60014989C</string>
				<string>05CC12FB196583F60014989C</string>
				<string>05D4A1D61967F53900D5F534</string>
				<string>05D4A1D71967F53900D5F534</string>
			</array>
			<key>isa</key>
			<string>PBXGroup</string>
			<key>name</key>
			<string>Models</string>
			<key>sourceTree</key>
			<string>&lt;group&gt;</string>
		</dict>
		<key>05CC12FA196583F60014989C</key>
		<dict>
			<key>fileEncoding</key>
			<string>4</string>
			<key>isa</key>
			<string>PBXFileReference</string>
			<key>lastKnownFileType</key>
			<string>sourcecode.c.h</string>
			<key>path</key>
			<string>XCZDynasty.h</string>
			<key>sourceTree</key>
			<string>&lt;group&gt;</string>
		</dict>
		<key>05CC12FB196583F60014989C</key>
		<dict>
			<key>fileEncoding</key>
			<string>4</string>
			<key>isa</key>
			<string>PBXFileReference</string>
			<key>lastKnownFileType</key>
			<string>sourcecode.c.objc</string>
			<key>path</key>
			<string>XCZDynasty.m</string>
			<key>sourceTree</key>
			<string>&lt;group&gt;</string>
		</dict>
		<key>05CC12FC196583F60014989C</key>
		<dict>
			<key>fileRef</key>
			<string>05CC12FB196583F60014989C</string>
			<key>isa</key>
			<string>PBXBuildFile</string>
		</dict>
		<key>05CC12FD196586890014989C</key>
		<dict>
			<key>children</key>
			<array>
				<string>05CC13181966FCFC0014989C</string>
				<string>05CC130D1966689F0014989C</string>
				<string>05CC130E1966689F0014989C</string>
				<string>05B22876195F0F1600F91BCC</string>
				<string>05B22877195F0F1600F91BCC</string>
				<string>0573FF2119682050005341F2</string>
				<string>05CC12F3196569690014989C</string>
				<string>05CC12F4196569690014989C</string>
				<string>0573FF23196847A0005341F2</string>
				<string>05ABB5C71961525900341AAC</string>
				<string>05ABB5C81961525900341AAC</string>
				<string>05ABB5C91961525900341AAC</string>
				<string>05D4A1D91967F5BA00D5F534</string>
				<string>05D4A1DA1967F5BA00D5F534</string>
			</array>
			<key>isa</key>
			<string>PBXGroup</string>
			<key>name</key>
			<string>Views</string>
			<key>sourceTree</key>
			<string>&lt;group&gt;</string>
		</dict>
		<key>05CC130D1966689F0014989C</key>
		<dict>
			<key>fileEncoding</key>
			<string>4</string>
			<key>isa</key>
			<string>PBXFileReference</string>
			<key>lastKnownFileType</key>
			<string>sourcecode.c.h</string>
			<key>path</key>
			<string>XCZAuthorDetailsViewController.h</string>
			<key>sourceTree</key>
			<string>&lt;group&gt;</string>
		</dict>
		<key>05CC130E1966689F0014989C</key>
		<dict>
			<key>fileEncoding</key>
			<string>4</string>
			<key>isa</key>
			<string>PBXFileReference</string>
			<key>lastKnownFileType</key>
			<string>sourcecode.c.objc</string>
			<key>path</key>
			<string>XCZAuthorDetailsViewController.m</string>
			<key>sourceTree</key>
			<string>&lt;group&gt;</string>
		</dict>
		<key>05CC13101966689F0014989C</key>
		<dict>
			<key>fileRef</key>
			<string>05CC130E1966689F0014989C</string>
			<key>isa</key>
			<string>PBXBuildFile</string>
		</dict>
		<key>05CC13181966FCFC0014989C</key>
		<dict>
			<key>fileEncoding</key>
			<string>4</string>
			<key>isa</key>
			<string>PBXFileReference</string>
			<key>lastKnownFileType</key>
			<string>file.xib</string>
			<key>path</key>
			<string>AuthorHeaderView.xib</string>
			<key>sourceTree</key>
			<string>&lt;group&gt;</string>
		</dict>
		<key>05CC13191966FCFC0014989C</key>
		<dict>
			<key>fileRef</key>
			<string>05CC13181966FCFC0014989C</string>
			<key>isa</key>
			<string>PBXBuildFile</string>
		</dict>
		<key>05CE723619A4D97C003864E4</key>
		<dict>
			<key>isa</key>
			<string>PBXFileReference</string>
			<key>lastKnownFileType</key>
			<string>folder.assetcatalog</string>
			<key>path</key>
			<string>Images.xcassets</string>
			<key>sourceTree</key>
			<string>&lt;group&gt;</string>
		</dict>
		<key>05CE723719A4D97C003864E4</key>
		<dict>
			<key>fileRef</key>
			<string>05CE723619A4D97C003864E4</string>
			<key>isa</key>
			<string>PBXBuildFile</string>
		</dict>
		<key>05D4A1D61967F53900D5F534</key>
		<dict>
			<key>fileEncoding</key>
			<string>4</string>
			<key>isa</key>
			<string>PBXFileReference</string>
			<key>lastKnownFileType</key>
			<string>sourcecode.c.h</string>
			<key>path</key>
			<string>XCZQuote.h</string>
			<key>sourceTree</key>
			<string>&lt;group&gt;</string>
		</dict>
		<key>05D4A1D71967F53900D5F534</key>
		<dict>
			<key>fileEncoding</key>
			<string>4</string>
			<key>isa</key>
			<string>PBXFileReference</string>
			<key>lastKnownFileType</key>
			<string>sourcecode.c.objc</string>
			<key>path</key>
			<string>XCZQuote.m</string>
			<key>sourceTree</key>
			<string>&lt;group&gt;</string>
		</dict>
		<key>05D4A1D81967F53900D5F534</key>
		<dict>
			<key>fileRef</key>
			<string>05D4A1D71967F53900D5F534</string>
			<key>isa</key>
			<string>PBXBuildFile</string>
		</dict>
		<key>05D4A1D91967F5BA00D5F534</key>
		<dict>
			<key>fileEncoding</key>
			<string>4</string>
			<key>isa</key>
			<string>PBXFileReference</string>
			<key>lastKnownFileType</key>
			<string>sourcecode.c.h</string>
			<key>path</key>
			<string>XCZQuotesViewController.h</string>
			<key>sourceTree</key>
			<string>&lt;group&gt;</string>
		</dict>
		<key>05D4A1DA1967F5BA00D5F534</key>
		<dict>
			<key>fileEncoding</key>
			<string>4</string>
			<key>isa</key>
			<string>PBXFileReference</string>
			<key>lastKnownFileType</key>
			<string>sourcecode.c.objc</string>
			<key>path</key>
			<string>XCZQuotesViewController.m</string>
			<key>sourceTree</key>
			<string>&lt;group&gt;</string>
		</dict>
		<key>05D4A1DB1967F5BA00D5F534</key>
		<dict>
			<key>fileRef</key>
			<string>05D4A1DA1967F5BA00D5F534</string>
			<key>isa</key>
			<string>PBXBuildFile</string>
		</dict>
		<key>05DF00BA195F0CE100175ABF</key>
		<dict>
			<key>children</key>
			<array>
				<string>05DF00CE195F0CE100175ABF</string>
				<string>05DF00EB195F0CE100175ABF</string>
				<string>05DF00C5195F0CE100175ABF</string>
				<string>05DF00C4195F0CE100175ABF</string>
				<string>EB669B81E5B37CF522C72540</string>
			</array>
			<key>isa</key>
			<string>PBXGroup</string>
			<key>sourceTree</key>
			<string>&lt;group&gt;</string>
		</dict>
		<key>05DF00BB195F0CE100175ABF</key>
		<dict>
			<key>attributes</key>
			<dict>
				<key>CLASSPREFIX</key>
				<string>XCZ</string>
				<key>LastUpgradeCheck</key>
				<string>0510</string>
				<key>ORGANIZATIONNAME</key>
				<string>Zhipeng Liu</string>
				<key>TargetAttributes</key>
				<dict>
					<key>05DF00C2195F0CE100175ABF</key>
					<dict>
						<key>DevelopmentTeam</key>
						<string>N26JLKH94G</string>
					</dict>
					<key>05DF00E2195F0CE100175ABF</key>
					<dict>
						<key>TestTargetID</key>
						<string>05DF00C2195F0CE100175ABF</string>
					</dict>
				</dict>
			</dict>
			<key>buildConfigurationList</key>
			<string>05DF00BE195F0CE100175ABF</string>
			<key>compatibilityVersion</key>
			<string>Xcode 3.2</string>
			<key>developmentRegion</key>
			<string>English</string>
			<key>hasScannedForEncodings</key>
			<string>0</string>
			<key>isa</key>
			<string>PBXProject</string>
			<key>knownRegions</key>
			<array>
				<string>en</string>
			</array>
			<key>mainGroup</key>
			<string>05DF00BA195F0CE100175ABF</string>
			<key>productRefGroup</key>
			<string>05DF00C4195F0CE100175ABF</string>
			<key>projectDirPath</key>
			<string></string>
			<key>projectReferences</key>
			<array/>
			<key>projectRoot</key>
			<string></string>
			<key>targets</key>
			<array>
				<string>05DF00C2195F0CE100175ABF</string>
				<string>05DF00E2195F0CE100175ABF</string>
			</array>
		</dict>
		<key>05DF00BE195F0CE100175ABF</key>
		<dict>
			<key>buildConfigurations</key>
			<array>
				<string>05DF00F3195F0CE100175ABF</string>
				<string>05DF00F4195F0CE100175ABF</string>
			</array>
			<key>defaultConfigurationIsVisible</key>
			<string>0</string>
			<key>defaultConfigurationName</key>
			<string>Release</string>
			<key>isa</key>
			<string>XCConfigurationList</string>
		</dict>
		<key>05DF00BF195F0CE100175ABF</key>
		<dict>
			<key>buildActionMask</key>
			<string>2147483647</string>
			<key>files</key>
			<array>
				<string>05CC12FC196583F60014989C</string>
				<string>05D4A1DB1967F5BA00D5F534</string>
				<string>05B2287F196024ED00F91BCC</string>
				<string>05827AA0196A8236003ABBDD</string>
				<string>05CC12F8196569DD0014989C</string>
				<string>05CC13101966689F0014989C</string>
				<string>05D4A1D81967F53900D5F534</string>
				<string>05B22879195F0F1600F91BCC</string>
				<string>05DF00D9195F0CE100175ABF</string>
				<string>05CC12F5196569690014989C</string>
				<string>05DF00D5195F0CE100175ABF</string>
				<string>05ABB5CA1961525900341AAC</string>
			</array>
			<key>isa</key>
			<string>PBXSourcesBuildPhase</string>
			<key>runOnlyForDeploymentPostprocessing</key>
			<string>0</string>
		</dict>
		<key>05DF00C0195F0CE100175ABF</key>
		<dict>
			<key>buildActionMask</key>
			<string>2147483647</string>
			<key>files</key>
			<array>
				<string>05DF00C9195F0CE100175ABF</string>
				<string>05DF00CD195F0CE100175ABF</string>
				<string>05DF00CB195F0CE100175ABF</string>
				<string>05DF00C7195F0CE100175ABF</string>
				<string>CABD71F26B624951841B653B</string>
			</array>
			<key>isa</key>
			<string>PBXFrameworksBuildPhase</string>
			<key>runOnlyForDeploymentPostprocessing</key>
			<string>0</string>
		</dict>
		<key>05DF00C1195F0CE100175ABF</key>
		<dict>
			<key>buildActionMask</key>
			<string>2147483647</string>
			<key>files</key>
			<array>
				<string>05B2287C195FD19500F91BCC</string>
				<string>05CC13191966FCFC0014989C</string>
				<string>05CE723719A4D97C003864E4</string>
				<string>0573FF24196847A0005341F2</string>
				<string>05DF00D3195F0CE100175ABF</string>
				<string>0573FF2219682050005341F2</string>
				<string>05ABB5CB1961525900341AAC</string>
			</array>
			<key>isa</key>
			<string>PBXResourcesBuildPhase</string>
			<key>runOnlyForDeploymentPostprocessing</key>
			<string>0</string>
		</dict>
		<key>05DF00C2195F0CE100175ABF</key>
		<dict>
			<key>buildConfigurationList</key>
			<string>05DF00F5195F0CE100175ABF</string>
			<key>buildPhases</key>
			<array>
				<string>9A222FDB2DB94392BEE9375E</string>
				<string>05DF00BF195F0CE100175ABF</string>
				<string>05DF00C0195F0CE100175ABF</string>
				<string>05DF00C1195F0CE100175ABF</string>
				<string>D3A423F2841247EE8ACF5249</string>
			</array>
			<key>buildRules</key>
			<array/>
			<key>dependencies</key>
			<array/>
			<key>isa</key>
			<string>PBXNativeTarget</string>
			<key>name</key>
			<string>xcz</string>
			<key>productName</key>
			<string>xcz</string>
			<key>productReference</key>
			<string>05DF00C3195F0CE100175ABF</string>
			<key>productType</key>
			<string>com.apple.product-type.application</string>
		</dict>
		<key>05DF00C3195F0CE100175ABF</key>
		<dict>
			<key>explicitFileType</key>
			<string>wrapper.application</string>
			<key>includeInIndex</key>
			<string>0</string>
			<key>isa</key>
			<string>PBXFileReference</string>
			<key>path</key>
			<string>xcz.app</string>
			<key>sourceTree</key>
			<string>BUILT_PRODUCTS_DIR</string>
		</dict>
		<key>05DF00C4195F0CE100175ABF</key>
		<dict>
			<key>children</key>
			<array>
				<string>05DF00C3195F0CE100175ABF</string>
				<string>05DF00E3195F0CE100175ABF</string>
			</array>
			<key>isa</key>
			<string>PBXGroup</string>
			<key>name</key>
			<string>Products</string>
			<key>sourceTree</key>
			<string>&lt;group&gt;</string>
		</dict>
		<key>05DF00C5195F0CE100175ABF</key>
		<dict>
			<key>children</key>
			<array>
				<string>051C225419B8B1FC00FA14E8</string>
				<string>05DF00C6195F0CE100175ABF</string>
				<string>05DF00C8195F0CE100175ABF</string>
				<string>05DF00CA195F0CE100175ABF</string>
				<string>05DF00CC195F0CE100175ABF</string>
				<string>05DF00E4195F0CE100175ABF</string>
				<string>373599EB20404398AE2FC10B</string>
			</array>
			<key>isa</key>
			<string>PBXGroup</string>
			<key>name</key>
			<string>Frameworks</string>
			<key>sourceTree</key>
			<string>&lt;group&gt;</string>
		</dict>
		<key>05DF00C6195F0CE100175ABF</key>
		<dict>
			<key>isa</key>
			<string>PBXFileReference</string>
			<key>lastKnownFileType</key>
			<string>wrapper.framework</string>
			<key>name</key>
			<string>Foundation.framework</string>
			<key>path</key>
			<string>System/Library/Frameworks/Foundation.framework</string>
			<key>sourceTree</key>
			<string>SDKROOT</string>
		</dict>
		<key>05DF00C7195F0CE100175ABF</key>
		<dict>
			<key>fileRef</key>
			<string>05DF00C6195F0CE100175ABF</string>
			<key>isa</key>
			<string>PBXBuildFile</string>
		</dict>
		<key>05DF00C8195F0CE100175ABF</key>
		<dict>
			<key>isa</key>
			<string>PBXFileReference</string>
			<key>lastKnownFileType</key>
			<string>wrapper.framework</string>
			<key>name</key>
			<string>CoreGraphics.framework</string>
			<key>path</key>
			<string>System/Library/Frameworks/CoreGraphics.framework</string>
			<key>sourceTree</key>
			<string>SDKROOT</string>
		</dict>
		<key>05DF00C9195F0CE100175ABF</key>
		<dict>
			<key>fileRef</key>
			<string>05DF00C8195F0CE100175ABF</string>
			<key>isa</key>
			<string>PBXBuildFile</string>
		</dict>
		<key>05DF00CA195F0CE100175ABF</key>
		<dict>
			<key>isa</key>
			<string>PBXFileReference</string>
			<key>lastKnownFileType</key>
			<string>wrapper.framework</string>
			<key>name</key>
			<string>UIKit.framework</string>
			<key>path</key>
			<string>System/Library/Frameworks/UIKit.framework</string>
			<key>sourceTree</key>
			<string>SDKROOT</string>
		</dict>
		<key>05DF00CB195F0CE100175ABF</key>
		<dict>
			<key>fileRef</key>
			<string>05DF00CA195F0CE100175ABF</string>
			<key>isa</key>
			<string>PBXBuildFile</string>
		</dict>
		<key>05DF00CC195F0CE100175ABF</key>
		<dict>
			<key>isa</key>
			<string>PBXFileReference</string>
			<key>lastKnownFileType</key>
			<string>wrapper.framework</string>
			<key>name</key>
			<string>CoreData.framework</string>
			<key>path</key>
			<string>System/Library/Frameworks/CoreData.framework</string>
			<key>sourceTree</key>
			<string>SDKROOT</string>
		</dict>
		<key>05DF00CD195F0CE100175ABF</key>
		<dict>
			<key>fileRef</key>
			<string>05DF00CC195F0CE100175ABF</string>
			<key>isa</key>
			<string>PBXBuildFile</string>
		</dict>
		<key>05DF00CE195F0CE100175ABF</key>
		<dict>
			<key>children</key>
			<array>
				<string>05CE723619A4D97C003864E4</string>
				<string>05CC12FD196586890014989C</string>
				<string>05CC12F9196569E80014989C</string>
				<string>05DF00D7195F0CE100175ABF</string>
				<string>05DF00D8195F0CE100175ABF</string>
				<string>05DF00CF195F0CE100175ABF</string>
				<string>05827A9E196A8236003ABBDD</string>
				<string>05827A9F196A8236003ABBDD</string>
			</array>
			<key>isa</key>
			<string>PBXGroup</string>
			<key>path</key>
			<string>xcz</string>
			<key>sourceTree</key>
			<string>&lt;group&gt;</string>
		</dict>
		<key>05DF00CF195F0CE100175ABF</key>
		<dict>
			<key>children</key>
			<array>
				<string>05B2287B195FCEBE00F91BCC</string>
				<string>05DF00D0195F0CE100175ABF</string>
				<string>05DF00D1195F0CE100175ABF</string>
				<string>05DF00D4195F0CE100175ABF</string>
				<string>05DF00D6195F0CE100175ABF</string>
			</array>
			<key>isa</key>
			<string>PBXGroup</string>
			<key>name</key>
			<string>Supporting Files</string>
			<key>sourceTree</key>
			<string>&lt;group&gt;</string>
		</dict>
		<key>05DF00D0195F0CE100175ABF</key>
		<dict>
			<key>isa</key>
			<string>PBXFileReference</string>
			<key>lastKnownFileType</key>
			<string>text.plist.xml</string>
			<key>path</key>
			<string>xcz-Info.plist</string>
			<key>sourceTree</key>
			<string>&lt;group&gt;</string>
		</dict>
		<key>05DF00D1195F0CE100175ABF</key>
		<dict>
			<key>children</key>
			<array>
				<string>05DF00D2195F0CE100175ABF</string>
			</array>
			<key>isa</key>
			<string>PBXVariantGroup</string>
			<key>name</key>
			<string>InfoPlist.strings</string>
			<key>sourceTree</key>
			<string>&lt;group&gt;</string>
		</dict>
		<key>05DF00D2195F0CE100175ABF</key>
		<dict>
			<key>isa</key>
			<string>PBXFileReference</string>
			<key>lastKnownFileType</key>
			<string>text.plist.strings</string>
			<key>name</key>
			<string>en</string>
			<key>path</key>
			<string>en.lproj/InfoPlist.strings</string>
			<key>sourceTree</key>
			<string>&lt;group&gt;</string>
		</dict>
		<key>05DF00D3195F0CE100175ABF</key>
		<dict>
			<key>fileRef</key>
			<string>05DF00D1195F0CE100175ABF</string>
			<key>isa</key>
			<string>PBXBuildFile</string>
		</dict>
		<key>05DF00D4195F0CE100175ABF</key>
		<dict>
			<key>isa</key>
			<string>PBXFileReference</string>
			<key>lastKnownFileType</key>
			<string>sourcecode.c.objc</string>
			<key>path</key>
			<string>main.m</string>
			<key>sourceTree</key>
			<string>&lt;group&gt;</string>
		</dict>
		<key>05DF00D5195F0CE100175ABF</key>
		<dict>
			<key>fileRef</key>
			<string>05DF00D4195F0CE100175ABF</string>
			<key>isa</key>
			<string>PBXBuildFile</string>
		</dict>
		<key>05DF00D6195F0CE100175ABF</key>
		<dict>
			<key>isa</key>
			<string>PBXFileReference</string>
			<key>lastKnownFileType</key>
			<string>sourcecode.c.h</string>
			<key>path</key>
			<string>xcz-Prefix.pch</string>
			<key>sourceTree</key>
			<string>&lt;group&gt;</string>
		</dict>
		<key>05DF00D7195F0CE100175ABF</key>
		<dict>
			<key>isa</key>
			<string>PBXFileReference</string>
			<key>lastKnownFileType</key>
			<string>sourcecode.c.h</string>
			<key>path</key>
			<string>XCZAppDelegate.h</string>
			<key>sourceTree</key>
			<string>&lt;group&gt;</string>
		</dict>
		<key>05DF00D8195F0CE100175ABF</key>
		<dict>
			<key>isa</key>
			<string>PBXFileReference</string>
			<key>lastKnownFileType</key>
			<string>sourcecode.c.objc</string>
			<key>path</key>
			<string>XCZAppDelegate.m</string>
			<key>sourceTree</key>
			<string>&lt;group&gt;</string>
		</dict>
		<key>05DF00D9195F0CE100175ABF</key>
		<dict>
			<key>fileRef</key>
			<string>05DF00D8195F0CE100175ABF</string>
			<key>isa</key>
			<string>PBXBuildFile</string>
		</dict>
		<key>05DF00DF195F0CE100175ABF</key>
		<dict>
			<key>buildActionMask</key>
			<string>2147483647</string>
			<key>files</key>
			<array>
				<string>05DF00F2195F0CE100175ABF</string>
			</array>
			<key>isa</key>
			<string>PBXSourcesBuildPhase</string>
			<key>runOnlyForDeploymentPostprocessing</key>
			<string>0</string>
		</dict>
		<key>05DF00E0195F0CE100175ABF</key>
		<dict>
			<key>buildActionMask</key>
			<string>2147483647</string>
			<key>files</key>
			<array>
				<string>05DF00E5195F0CE100175ABF</string>
				<string>05DF00E8195F0CE100175ABF</string>
				<string>05DF00E7195F0CE100175ABF</string>
				<string>05DF00E6195F0CE100175ABF</string>
			</array>
			<key>isa</key>
			<string>PBXFrameworksBuildPhase</string>
			<key>runOnlyForDeploymentPostprocessing</key>
			<string>0</string>
		</dict>
		<key>05DF00E1195F0CE100175ABF</key>
		<dict>
			<key>buildActionMask</key>
			<string>2147483647</string>
			<key>files</key>
			<array>
				<string>05DF00F0195F0CE100175ABF</string>
			</array>
			<key>isa</key>
			<string>PBXResourcesBuildPhase</string>
			<key>runOnlyForDeploymentPostprocessing</key>
			<string>0</string>
		</dict>
		<key>05DF00E2195F0CE100175ABF</key>
		<dict>
			<key>buildConfigurationList</key>
			<string>05DF00F8195F0CE100175ABF</string>
			<key>buildPhases</key>
			<array>
				<string>05DF00DF195F0CE100175ABF</string>
				<string>05DF00E0195F0CE100175ABF</string>
				<string>05DF00E1195F0CE100175ABF</string>
			</array>
			<key>buildRules</key>
			<array/>
			<key>dependencies</key>
			<array>
				<string>05DF00EA195F0CE100175ABF</string>
			</array>
			<key>isa</key>
			<string>PBXNativeTarget</string>
			<key>name</key>
			<string>xczTests</string>
			<key>productName</key>
			<string>xczTests</string>
			<key>productReference</key>
			<string>05DF00E3195F0CE100175ABF</string>
			<key>productType</key>
			<string>com.apple.product-type.bundle.unit-test</string>
		</dict>
		<key>05DF00E3195F0CE100175ABF</key>
		<dict>
			<key>explicitFileType</key>
			<string>wrapper.cfbundle</string>
			<key>includeInIndex</key>
			<string>0</string>
			<key>isa</key>
			<string>PBXFileReference</string>
			<key>path</key>
			<string>xczTests.xctest</string>
			<key>sourceTree</key>
			<string>BUILT_PRODUCTS_DIR</string>
		</dict>
		<key>05DF00E4195F0CE100175ABF</key>
		<dict>
			<key>isa</key>
			<string>PBXFileReference</string>
			<key>lastKnownFileType</key>
			<string>wrapper.framework</string>
			<key>name</key>
			<string>XCTest.framework</string>
			<key>path</key>
			<string>Library/Frameworks/XCTest.framework</string>
			<key>sourceTree</key>
			<string>DEVELOPER_DIR</string>
		</dict>
		<key>05DF00E5195F0CE100175ABF</key>
		<dict>
			<key>fileRef</key>
			<string>05DF00E4195F0CE100175ABF</string>
			<key>isa</key>
			<string>PBXBuildFile</string>
		</dict>
		<key>05DF00E6195F0CE100175ABF</key>
		<dict>
			<key>fileRef</key>
			<string>05DF00C6195F0CE100175ABF</string>
			<key>isa</key>
			<string>PBXBuildFile</string>
		</dict>
		<key>05DF00E7195F0CE100175ABF</key>
		<dict>
			<key>fileRef</key>
			<string>05DF00CA195F0CE100175ABF</string>
			<key>isa</key>
			<string>PBXBuildFile</string>
		</dict>
		<key>05DF00E8195F0CE100175ABF</key>
		<dict>
			<key>fileRef</key>
			<string>05DF00CC195F0CE100175ABF</string>
			<key>isa</key>
			<string>PBXBuildFile</string>
		</dict>
		<key>05DF00E9195F0CE100175ABF</key>
		<dict>
			<key>containerPortal</key>
			<string>05DF00BB195F0CE100175ABF</string>
			<key>isa</key>
			<string>PBXContainerItemProxy</string>
			<key>proxyType</key>
			<string>1</string>
			<key>remoteGlobalIDString</key>
			<string>05DF00C2195F0CE100175ABF</string>
			<key>remoteInfo</key>
			<string>xcz</string>
		</dict>
		<key>05DF00EA195F0CE100175ABF</key>
		<dict>
			<key>isa</key>
			<string>PBXTargetDependency</string>
			<key>target</key>
			<string>05DF00C2195F0CE100175ABF</string>
			<key>targetProxy</key>
			<string>05DF00E9195F0CE100175ABF</string>
		</dict>
		<key>05DF00EB195F0CE100175ABF</key>
		<dict>
			<key>children</key>
			<array>
				<string>05DF00F1195F0CE100175ABF</string>
				<string>05DF00EC195F0CE100175ABF</string>
			</array>
			<key>isa</key>
			<string>PBXGroup</string>
			<key>path</key>
			<string>xczTests</string>
			<key>sourceTree</key>
			<string>&lt;group&gt;</string>
		</dict>
		<key>05DF00EC195F0CE100175ABF</key>
		<dict>
			<key>children</key>
			<array>
				<string>05DF00ED195F0CE100175ABF</string>
				<string>05DF00EE195F0CE100175ABF</string>
			</array>
			<key>isa</key>
			<string>PBXGroup</string>
			<key>name</key>
			<string>Supporting Files</string>
			<key>sourceTree</key>
			<string>&lt;group&gt;</string>
		</dict>
		<key>05DF00ED195F0CE100175ABF</key>
		<dict>
			<key>isa</key>
			<string>PBXFileReference</string>
			<key>lastKnownFileType</key>
			<string>text.plist.xml</string>
			<key>path</key>
			<string>xczTests-Info.plist</string>
			<key>sourceTree</key>
			<string>&lt;group&gt;</string>
		</dict>
		<key>05DF00EE195F0CE100175ABF</key>
		<dict>
			<key>children</key>
			<array>
				<string>05DF00EF195F0CE100175ABF</string>
			</array>
			<key>isa</key>
			<string>PBXVariantGroup</string>
			<key>name</key>
			<string>InfoPlist.strings</string>
			<key>sourceTree</key>
			<string>&lt;group&gt;</string>
		</dict>
		<key>05DF00EF195F0CE100175ABF</key>
		<dict>
			<key>isa</key>
			<string>PBXFileReference</string>
			<key>lastKnownFileType</key>
			<string>text.plist.strings</string>
			<key>name</key>
			<string>en</string>
			<key>path</key>
			<string>en.lproj/InfoPlist.strings</string>
			<key>sourceTree</key>
			<string>&lt;group&gt;</string>
		</dict>
		<key>05DF00F0195F0CE100175ABF</key>
		<dict>
			<key>fileRef</key>
			<string>05DF00EE195F0CE100175ABF</string>
			<key>isa</key>
			<string>PBXBuildFile</string>
		</dict>
		<key>05DF00F1195F0CE100175ABF</key>
		<dict>
			<key>isa</key>
			<string>PBXFileReference</string>
			<key>lastKnownFileType</key>
			<string>sourcecode.c.objc</string>
			<key>path</key>
			<string>xczTests.m</string>
			<key>sourceTree</key>
			<string>&lt;group&gt;</string>
		</dict>
		<key>05DF00F2195F0CE100175ABF</key>
		<dict>
			<key>fileRef</key>
			<string>05DF00F1195F0CE100175ABF</string>
			<key>isa</key>
			<string>PBXBuildFile</string>
		</dict>
		<key>05DF00F3195F0CE100175ABF</key>
		<dict>
			<key>buildSettings</key>
			<dict>
				<key>ALWAYS_SEARCH_USER_PATHS</key>
				<string>NO</string>
				<key>CLANG_CXX_LANGUAGE_STANDARD</key>
				<string>gnu++0x</string>
				<key>CLANG_CXX_LIBRARY</key>
				<string>libc++</string>
				<key>CLANG_ENABLE_MODULES</key>
				<string>YES</string>
				<key>CLANG_ENABLE_OBJC_ARC</key>
				<string>YES</string>
				<key>CLANG_WARN_BOOL_CONVERSION</key>
				<string>YES</string>
				<key>CLANG_WARN_CONSTANT_CONVERSION</key>
				<string>YES</string>
				<key>CLANG_WARN_DIRECT_OBJC_ISA_USAGE</key>
				<string>YES_ERROR</string>
				<key>CLANG_WARN_EMPTY_BODY</key>
				<string>YES</string>
				<key>CLANG_WARN_ENUM_CONVERSION</key>
				<string>YES</string>
				<key>CLANG_WARN_INT_CONVERSION</key>
				<string>YES</string>
				<key>CLANG_WARN_OBJC_ROOT_CLASS</key>
				<string>YES_ERROR</string>
				<key>CLANG_WARN__DUPLICATE_METHOD_MATCH</key>
				<string>YES</string>
				<key>CODE_SIGN_IDENTITY[sdk=iphoneos*]</key>
				<string>iPhone Developer</string>
				<key>COPY_PHASE_STRIP</key>
				<string>NO</string>
				<key>GCC_C_LANGUAGE_STANDARD</key>
				<string>gnu99</string>
				<key>GCC_DYNAMIC_NO_PIC</key>
				<string>NO</string>
				<key>GCC_OPTIMIZATION_LEVEL</key>
				<string>0</string>
				<key>GCC_PREPROCESSOR_DEFINITIONS</key>
				<array>
					<string>DEBUG=1</string>
					<string>$(inherited)</string>
				</array>
				<key>GCC_SYMBOLS_PRIVATE_EXTERN</key>
				<string>NO</string>
				<key>GCC_WARN_64_TO_32_BIT_CONVERSION</key>
				<string>YES</string>
				<key>GCC_WARN_ABOUT_RETURN_TYPE</key>
				<string>YES_ERROR</string>
				<key>GCC_WARN_UNDECLARED_SELECTOR</key>
				<string>YES</string>
				<key>GCC_WARN_UNINITIALIZED_AUTOS</key>
				<string>YES_AGGRESSIVE</string>
				<key>GCC_WARN_UNUSED_FUNCTION</key>
				<string>YES</string>
				<key>GCC_WARN_UNUSED_VARIABLE</key>
				<string>YES</string>
				<key>IPHONEOS_DEPLOYMENT_TARGET</key>
				<string>7.1</string>
				<key>ONLY_ACTIVE_ARCH</key>
				<string>YES</string>
				<key>SDKROOT</key>
				<string>iphoneos</string>
			</dict>
			<key>isa</key>
			<string>XCBuildConfiguration</string>
			<key>name</key>
			<string>Debug</string>
		</dict>
		<key>05DF00F4195F0CE100175ABF</key>
		<dict>
			<key>buildSettings</key>
			<dict>
				<key>ALWAYS_SEARCH_USER_PATHS</key>
				<string>NO</string>
				<key>CLANG_CXX_LANGUAGE_STANDARD</key>
				<string>gnu++0x</string>
				<key>CLANG_CXX_LIBRARY</key>
				<string>libc++</string>
				<key>CLANG_ENABLE_MODULES</key>
				<string>YES</string>
				<key>CLANG_ENABLE_OBJC_ARC</key>
				<string>YES</string>
				<key>CLANG_WARN_BOOL_CONVERSION</key>
				<string>YES</string>
				<key>CLANG_WARN_CONSTANT_CONVERSION</key>
				<string>YES</string>
				<key>CLANG_WARN_DIRECT_OBJC_ISA_USAGE</key>
				<string>YES_ERROR</string>
				<key>CLANG_WARN_EMPTY_BODY</key>
				<string>YES</string>
				<key>CLANG_WARN_ENUM_CONVERSION</key>
				<string>YES</string>
				<key>CLANG_WARN_INT_CONVERSION</key>
				<string>YES</string>
				<key>CLANG_WARN_OBJC_ROOT_CLASS</key>
				<string>YES_ERROR</string>
				<key>CLANG_WARN__DUPLICATE_METHOD_MATCH</key>
				<string>YES</string>
				<key>CODE_SIGN_IDENTITY[sdk=iphoneos*]</key>
				<string>iPhone Developer</string>
				<key>COPY_PHASE_STRIP</key>
				<string>YES</string>
				<key>ENABLE_NS_ASSERTIONS</key>
				<string>NO</string>
				<key>GCC_C_LANGUAGE_STANDARD</key>
				<string>gnu99</string>
				<key>GCC_WARN_64_TO_32_BIT_CONVERSION</key>
				<string>YES</string>
				<key>GCC_WARN_ABOUT_RETURN_TYPE</key>
				<string>YES_ERROR</string>
				<key>GCC_WARN_UNDECLARED_SELECTOR</key>
				<string>YES</string>
				<key>GCC_WARN_UNINITIALIZED_AUTOS</key>
				<string>YES_AGGRESSIVE</string>
				<key>GCC_WARN_UNUSED_FUNCTION</key>
				<string>YES</string>
				<key>GCC_WARN_UNUSED_VARIABLE</key>
				<string>YES</string>
				<key>IPHONEOS_DEPLOYMENT_TARGET</key>
				<string>7.1</string>
				<key>SDKROOT</key>
				<string>iphoneos</string>
				<key>VALIDATE_PRODUCT</key>
				<string>YES</string>
			</dict>
			<key>isa</key>
			<string>XCBuildConfiguration</string>
			<key>name</key>
			<string>Release</string>
		</dict>
		<key>05DF00F5195F0CE100175ABF</key>
		<dict>
			<key>buildConfigurations</key>
			<array>
				<string>05DF00F6195F0CE100175ABF</string>
				<string>05DF00F7195F0CE100175ABF</string>
			</array>
			<key>defaultConfigurationIsVisible</key>
			<string>0</string>
			<key>defaultConfigurationName</key>
			<string>Release</string>
			<key>isa</key>
			<string>XCConfigurationList</string>
		</dict>
		<key>05DF00F6195F0CE100175ABF</key>
		<dict>
			<key>baseConfigurationReference</key>
			<string>530CF4E9B8A56A69B8C84DA8</string>
			<key>buildSettings</key>
			<dict>
				<key>ASSETCATALOG_COMPILER_APPICON_NAME</key>
				<string>AppIcon</string>
				<key>ASSETCATALOG_COMPILER_LAUNCHIMAGE_NAME</key>
				<string>LaunchImage</string>
				<key>CODE_SIGN_IDENTITY</key>
				<string>iPhone Developer: Zhipeng Liu (9RHY6JQGD8)</string>
				<key>CODE_SIGN_IDENTITY[sdk=iphoneos*]</key>
				<string>iPhone Developer: Zhipeng Liu (9RHY6JQGD8)</string>
				<key>GCC_PRECOMPILE_PREFIX_HEADER</key>
				<string>YES</string>
				<key>GCC_PREFIX_HEADER</key>
				<string>xcz/xcz-Prefix.pch</string>
				<key>INFOPLIST_FILE</key>
				<string>xcz/xcz-Info.plist</string>
				<key>IPHONEOS_DEPLOYMENT_TARGET</key>
				<string>7.0</string>
				<key>LIBRARY_SEARCH_PATHS</key>
				<array>
					<string>$(inherited)</string>
					<string>$(PROJECT_DIR)/xcz</string>
				</array>
				<key>PRODUCT_NAME</key>
				<string>$(TARGET_NAME)</string>
				<key>PROVISIONING_PROFILE</key>
				<string>D7C49E29-CB11-4DEF-BB12-9A725704DF38</string>
				<key>SDKROOT</key>
				<string>iphoneos</string>
				<key>TARGETED_DEVICE_FAMILY</key>
				<string>1</string>
				<key>WRAPPER_EXTENSION</key>
				<string>app</string>
			</dict>
			<key>isa</key>
			<string>XCBuildConfiguration</string>
			<key>name</key>
			<string>Debug</string>
		</dict>
		<key>05DF00F7195F0CE100175ABF</key>
		<dict>
			<key>baseConfigurationReference</key>
			<string>EB3898A078A798E532D86F3B</string>
			<key>buildSettings</key>
			<dict>
				<key>ASSETCATALOG_COMPILER_APPICON_NAME</key>
				<string>AppIcon</string>
				<key>ASSETCATALOG_COMPILER_LAUNCHIMAGE_NAME</key>
				<string>LaunchImage</string>
				<key>CODE_SIGN_IDENTITY</key>
				<string>iPhone Developer: Zhipeng Liu (9RHY6JQGD8)</string>
				<key>CODE_SIGN_IDENTITY[sdk=iphoneos*]</key>
				<string>iPhone Developer: Zhipeng Liu (9RHY6JQGD8)</string>
				<key>GCC_PRECOMPILE_PREFIX_HEADER</key>
				<string>YES</string>
				<key>GCC_PREFIX_HEADER</key>
				<string>xcz/xcz-Prefix.pch</string>
				<key>INFOPLIST_FILE</key>
				<string>xcz/xcz-Info.plist</string>
				<key>IPHONEOS_DEPLOYMENT_TARGET</key>
				<string>7.0</string>
				<key>LIBRARY_SEARCH_PATHS</key>
				<array>
					<string>$(inherited)</string>
					<string>$(PROJECT_DIR)/xcz</string>
				</array>
				<key>PRODUCT_NAME</key>
				<string>$(TARGET_NAME)</string>
				<key>PROVISIONING_PROFILE</key>
				<string>D7C49E29-CB11-4DEF-BB12-9A725704DF38</string>
				<key>SDKROOT</key>
				<string>iphoneos</string>
				<key>TARGETED_DEVICE_FAMILY</key>
				<string>1</string>
				<key>WRAPPER_EXTENSION</key>
				<string>app</string>
			</dict>
			<key>isa</key>
			<string>XCBuildConfiguration</string>
			<key>name</key>
			<string>Release</string>
		</dict>
		<key>05DF00F8195F0CE100175ABF</key>
		<dict>
			<key>buildConfigurations</key>
			<array>
				<string>05DF00F9195F0CE100175ABF</string>
				<string>05DF00FA195F0CE100175ABF</string>
			</array>
			<key>defaultConfigurationIsVisible</key>
			<string>0</string>
			<key>defaultConfigurationName</key>
			<string>Release</string>
			<key>isa</key>
			<string>XCConfigurationList</string>
		</dict>
		<key>05DF00F9195F0CE100175ABF</key>
		<dict>
			<key>buildSettings</key>
			<dict>
				<key>BUNDLE_LOADER</key>
				<string>$(BUILT_PRODUCTS_DIR)/xcz.app/xcz</string>
				<key>FRAMEWORK_SEARCH_PATHS</key>
				<array>
					<string>$(SDKROOT)/Developer/Library/Frameworks</string>
					<string>$(inherited)</string>
					<string>$(DEVELOPER_FRAMEWORKS_DIR)</string>
				</array>
				<key>GCC_PRECOMPILE_PREFIX_HEADER</key>
				<string>YES</string>
				<key>GCC_PREFIX_HEADER</key>
				<string>xcz/xcz-Prefix.pch</string>
				<key>GCC_PREPROCESSOR_DEFINITIONS</key>
				<array>
					<string>DEBUG=1</string>
					<string>$(inherited)</string>
				</array>
				<key>INFOPLIST_FILE</key>
				<string>xczTests/xczTests-Info.plist</string>
				<key>PRODUCT_NAME</key>
				<string>$(TARGET_NAME)</string>
				<key>TEST_HOST</key>
				<string>$(BUNDLE_LOADER)</string>
				<key>WRAPPER_EXTENSION</key>
				<string>xctest</string>
			</dict>
			<key>isa</key>
			<string>XCBuildConfiguration</string>
			<key>name</key>
			<string>Debug</string>
		</dict>
		<key>05DF00FA195F0CE100175ABF</key>
		<dict>
			<key>buildSettings</key>
			<dict>
				<key>BUNDLE_LOADER</key>
				<string>$(BUILT_PRODUCTS_DIR)/xcz.app/xcz</string>
				<key>FRAMEWORK_SEARCH_PATHS</key>
				<array>
					<string>$(SDKROOT)/Developer/Library/Frameworks</string>
					<string>$(inherited)</string>
					<string>$(DEVELOPER_FRAMEWORKS_DIR)</string>
				</array>
				<key>GCC_PRECOMPILE_PREFIX_HEADER</key>
				<string>YES</string>
				<key>GCC_PREFIX_HEADER</key>
				<string>xcz/xcz-Prefix.pch</string>
				<key>INFOPLIST_FILE</key>
				<string>xczTests/xczTests-Info.plist</string>
				<key>PRODUCT_NAME</key>
				<string>$(TARGET_NAME)</string>
				<key>TEST_HOST</key>
				<string>$(BUNDLE_LOADER)</string>
				<key>WRAPPER_EXTENSION</key>
				<string>xctest</string>
			</dict>
			<key>isa</key>
			<string>XCBuildConfiguration</string>
			<key>name</key>
			<string>Release</string>
		</dict>
		<key>373599EB20404398AE2FC10B</key>
		<dict>
			<key>explicitFileType</key>
			<string>archive.ar</string>
			<key>includeInIndex</key>
			<string>0</string>
			<key>isa</key>
			<string>PBXFileReference</string>
			<key>path</key>
			<string>libPods-xcz.a</string>
			<key>sourceTree</key>
			<string>BUILT_PRODUCTS_DIR</string>
		</dict>
		<key>530CF4E9B8A56A69B8C84DA8</key>
		<dict>
			<key>includeInIndex</key>
			<string>1</string>
			<key>isa</key>
			<string>PBXFileReference</string>
			<key>lastKnownFileType</key>
			<string>text.xcconfig</string>
			<key>name</key>
			<string>Pods-xcz.debug.xcconfig</string>
			<key>path</key>
			<string>Pods/Target Support Files/Pods-xcz/Pods-xcz.debug.xcconfig</string>
			<key>sourceTree</key>
			<string>&lt;group&gt;</string>
		</dict>
		<key>9A222FDB2DB94392BEE9375E</key>
		<dict>
			<key>buildActionMask</key>
			<string>2147483647</string>
			<key>files</key>
			<array/>
			<key>inputPaths</key>
			<array/>
			<key>isa</key>
			<string>PBXShellScriptBuildPhase</string>
			<key>name</key>
			<string>Check Pods Manifest.lock</string>
			<key>outputPaths</key>
			<array/>
			<key>runOnlyForDeploymentPostprocessing</key>
			<string>0</string>
			<key>shellPath</key>
			<string>/bin/sh</string>
			<key>shellScript</key>
			<string>diff "${PODS_ROOT}/../Podfile.lock" "${PODS_ROOT}/Manifest.lock" &gt; /dev/null
if [[ $? != 0 ]] ; then
    cat &lt;&lt; EOM
error: The sandbox is not in sync with the Podfile.lock. Run 'pod install' or update your CocoaPods installation.
EOM
    exit 1
fi
</string>
			<key>showEnvVarsInLog</key>
			<string>0</string>
		</dict>
		<key>CABD71F26B624951841B653B</key>
		<dict>
			<key>fileRef</key>
			<string>373599EB20404398AE2FC10B</string>
			<key>isa</key>
			<string>PBXBuildFile</string>
		</dict>
		<key>D3A423F2841247EE8ACF5249</key>
		<dict>
			<key>buildActionMask</key>
			<string>2147483647</string>
			<key>files</key>
			<array/>
			<key>inputPaths</key>
			<array/>
			<key>isa</key>
			<string>PBXShellScriptBuildPhase</string>
			<key>name</key>
			<string>Copy Pods Resources</string>
			<key>outputPaths</key>
			<array/>
			<key>runOnlyForDeploymentPostprocessing</key>
			<string>0</string>
			<key>shellPath</key>
			<string>/bin/sh</string>
			<key>shellScript</key>
			<string>"${SRCROOT}/Pods/Target Support Files/Pods-xcz/Pods-xcz-resources.sh"
</string>
			<key>showEnvVarsInLog</key>
			<string>0</string>
		</dict>
		<key>EB3898A078A798E532D86F3B</key>
		<dict>
			<key>includeInIndex</key>
			<string>1</string>
			<key>isa</key>
			<string>PBXFileReference</string>
			<key>lastKnownFileType</key>
			<string>text.xcconfig</string>
			<key>name</key>
			<string>Pods-xcz.release.xcconfig</string>
			<key>path</key>
			<string>Pods/Target Support Files/Pods-xcz/Pods-xcz.release.xcconfig</string>
			<key>sourceTree</key>
			<string>&lt;group&gt;</string>
		</dict>
		<key>EB669B81E5B37CF522C72540</key>
		<dict>
			<key>children</key>
			<array>
				<string>530CF4E9B8A56A69B8C84DA8</string>
				<string>EB3898A078A798E532D86F3B</string>
			</array>
			<key>isa</key>
			<string>PBXGroup</string>
			<key>name</key>
			<string>Pods</string>
			<key>sourceTree</key>
			<string>&lt;group&gt;</string>
		</dict>
	</dict>
	<key>rootObject</key>
	<string>05DF00BB195F0CE100175ABF</string>
</dict>
</plist>
