// !$*UTF8*$!
{
	archiveVersion = 1;
	classes = {
	};
	objectVersion = 46;
	objects = {

/* Begin PBXBuildFile section */
		05ABB5CA1961525900341AAC /* XCZWorkDetailViewController.m in Sources */ = {isa = PBXBuildFile; fileRef = 05ABB5C81961525900341AAC /* XCZWorkDetailViewController.m */; };
		05ABB5CB1961525900341AAC /* XCZWorkDetailViewController.xib in Resources */ = {isa = PBXBuildFile; fileRef = 05ABB5C91961525900341AAC /* XCZWorkDetailViewController.xib */; };
		05B22879195F0F1600F91BCC /* XCZWorksViewController.m in Sources */ = {isa = PBXBuildFile; fileRef = 05B22877195F0F1600F91BCC /* XCZWorksViewController.m */; };
		05B2287C195FD19500F91BCC /* xcz.db in Resources */ = {isa = PBXBuildFile; fileRef = 05B2287B195FCEBE00F91BCC /* xcz.db */; };
		05B2287F196024ED00F91BCC /* XCZWork.m in Sources */ = {isa = PBXBuildFile; fileRef = 05B2287E196024ED00F91BCC /* XCZWork.m */; };
		05CC12F5196569690014989C /* XCZAuthorsViewController.m in Sources */ = {isa = PBXBuildFile; fileRef = 05CC12F4196569690014989C /* XCZAuthorsViewController.m */; };
		05CC12F8196569DD0014989C /* XCZAuthor.m in Sources */ = {isa = PBXBuildFile; fileRef = 05CC12F7196569DD0014989C /* XCZAuthor.m */; };
		05CC12FC196583F60014989C /* XCZDynasty.m in Sources */ = {isa = PBXBuildFile; fileRef = 05CC12FB196583F60014989C /* XCZDynasty.m */; };
		05CC13101966689F0014989C /* XCZAuthorDetailsViewController.m in Sources */ = {isa = PBXBuildFile; fileRef = 05CC130E1966689F0014989C /* XCZAuthorDetailsViewController.m */; };
		05CC131319666B440014989C /* AuthorHeaderView.xib in Resources */ = {isa = PBXBuildFile; fileRef = 05CC131219666B440014989C /* AuthorHeaderView.xib */; };
		05DF00C7195F0CE100175ABF /* Foundation.framework in Frameworks */ = {isa = PBXBuildFile; fileRef = 05DF00C6195F0CE100175ABF /* Foundation.framework */; };
		05DF00C9195F0CE100175ABF /* CoreGraphics.framework in Frameworks */ = {isa = PBXBuildFile; fileRef = 05DF00C8195F0CE100175ABF /* CoreGraphics.framework */; };
		05DF00CB195F0CE100175ABF /* UIKit.framework in Frameworks */ = {isa = PBXBuildFile; fileRef = 05DF00CA195F0CE100175ABF /* UIKit.framework */; };
		05DF00CD195F0CE100175ABF /* CoreData.framework in Frameworks */ = {isa = PBXBuildFile; fileRef = 05DF00CC195F0CE100175ABF /* CoreData.framework */; };
		05DF00D3195F0CE100175ABF /* InfoPlist.strings in Resources */ = {isa = PBXBuildFile; fileRef = 05DF00D1195F0CE100175ABF /* InfoPlist.strings */; };
		05DF00D5195F0CE100175ABF /* main.m in Sources */ = {isa = PBXBuildFile; fileRef = 05DF00D4195F0CE100175ABF /* main.m */; };
		05DF00D9195F0CE100175ABF /* XCZAppDelegate.m in Sources */ = {isa = PBXBuildFile; fileRef = 05DF00D8195F0CE100175ABF /* XCZAppDelegate.m */; };
		05DF00DE195F0CE100175ABF /* Images.xcassets in Resources */ = {isa = PBXBuildFile; fileRef = 05DF00DD195F0CE100175ABF /* Images.xcassets */; };
		05DF00E5195F0CE100175ABF /* XCTest.framework in Frameworks */ = {isa = PBXBuildFile; fileRef = 05DF00E4195F0CE100175ABF /* XCTest.framework */; };
		05DF00E6195F0CE100175ABF /* Foundation.framework in Frameworks */ = {isa = PBXBuildFile; fileRef = 05DF00C6195F0CE100175ABF /* Foundation.framework */; };
		05DF00E7195F0CE100175ABF /* UIKit.framework in Frameworks */ = {isa = PBXBuildFile; fileRef = 05DF00CA195F0CE100175ABF /* UIKit.framework */; };
		05DF00E8195F0CE100175ABF /* CoreData.framework in Frameworks */ = {isa = PBXBuildFile; fileRef = 05DF00CC195F0CE100175ABF /* CoreData.framework */; };
		05DF00F0195F0CE100175ABF /* InfoPlist.strings in Resources */ = {isa = PBXBuildFile; fileRef = 05DF00EE195F0CE100175ABF /* InfoPlist.strings */; };
		05DF00F2195F0CE100175ABF /* xczTests.m in Sources */ = {isa = PBXBuildFile; fileRef = 05DF00F1195F0CE100175ABF /* xczTests.m */; };
		CABD71F26B624951841B653B /* libPods-xcz.a in Frameworks */ = {isa = PBXBuildFile; fileRef = 373599EB20404398AE2FC10B /* libPods-xcz.a */; };
/* End PBXBuildFile section */

/* Begin PBXContainerItemProxy section */
		05DF00E9195F0CE100175ABF /* PBXContainerItemProxy */ = {
			isa = PBXContainerItemProxy;
			containerPortal = 05DF00BB195F0CE100175ABF /* Project object */;
			proxyType = 1;
			remoteGlobalIDString = 05DF00C2195F0CE100175ABF;
			remoteInfo = xcz;
		};
/* End PBXContainerItemProxy section */

/* Begin PBXFileReference section */
		05ABB5C71961525900341AAC /* XCZWorkDetailViewController.h */ = {isa = PBXFileReference; fileEncoding = 4; lastKnownFileType = sourcecode.c.h; path = XCZWorkDetailViewController.h; sourceTree = "<group>"; };
		05ABB5C81961525900341AAC /* XCZWorkDetailViewController.m */ = {isa = PBXFileReference; fileEncoding = 4; lastKnownFileType = sourcecode.c.objc; path = XCZWorkDetailViewController.m; sourceTree = "<group>"; };
		05ABB5C91961525900341AAC /* XCZWorkDetailViewController.xib */ = {isa = PBXFileReference; fileEncoding = 4; lastKnownFileType = file.xib; path = XCZWorkDetailViewController.xib; sourceTree = "<group>"; };
		05B22876195F0F1600F91BCC /* XCZWorksViewController.h */ = {isa = PBXFileReference; fileEncoding = 4; lastKnownFileType = sourcecode.c.h; path = XCZWorksViewController.h; sourceTree = "<group>"; };
		05B22877195F0F1600F91BCC /* XCZWorksViewController.m */ = {isa = PBXFileReference; fileEncoding = 4; lastKnownFileType = sourcecode.c.objc; path = XCZWorksViewController.m; sourceTree = "<group>"; };
		05B2287B195FCEBE00F91BCC /* xcz.db */ = {isa = PBXFileReference; lastKnownFileType = file; path = xcz.db; sourceTree = "<group>"; };
		05B2287D196024ED00F91BCC /* XCZWork.h */ = {isa = PBXFileReference; fileEncoding = 4; lastKnownFileType = sourcecode.c.h; path = XCZWork.h; sourceTree = "<group>"; };
		05B2287E196024ED00F91BCC /* XCZWork.m */ = {isa = PBXFileReference; fileEncoding = 4; lastKnownFileType = sourcecode.c.objc; path = XCZWork.m; sourceTree = "<group>"; };
		05CC12F3196569690014989C /* XCZAuthorsViewController.h */ = {isa = PBXFileReference; fileEncoding = 4; lastKnownFileType = sourcecode.c.h; path = XCZAuthorsViewController.h; sourceTree = "<group>"; };
		05CC12F4196569690014989C /* XCZAuthorsViewController.m */ = {isa = PBXFileReference; fileEncoding = 4; lastKnownFileType = sourcecode.c.objc; path = XCZAuthorsViewController.m; sourceTree = "<group>"; };
		05CC12F6196569DD0014989C /* XCZAuthor.h */ = {isa = PBXFileReference; fileEncoding = 4; lastKnownFileType = sourcecode.c.h; path = XCZAuthor.h; sourceTree = "<group>"; };
		05CC12F7196569DD0014989C /* XCZAuthor.m */ = {isa = PBXFileReference; fileEncoding = 4; lastKnownFileType = sourcecode.c.objc; path = XCZAuthor.m; sourceTree = "<group>"; };
		05CC12FA196583F60014989C /* XCZDynasty.h */ = {isa = PBXFileReference; fileEncoding = 4; lastKnownFileType = sourcecode.c.h; path = XCZDynasty.h; sourceTree = "<group>"; };
		05CC12FB196583F60014989C /* XCZDynasty.m */ = {isa = PBXFileReference; fileEncoding = 4; lastKnownFileType = sourcecode.c.objc; path = XCZDynasty.m; sourceTree = "<group>"; };
		05CC130D1966689F0014989C /* XCZAuthorDetailsViewController.h */ = {isa = PBXFileReference; fileEncoding = 4; lastKnownFileType = sourcecode.c.h; path = XCZAuthorDetailsViewController.h; sourceTree = "<group>"; };
		05CC130E1966689F0014989C /* XCZAuthorDetailsViewController.m */ = {isa = PBXFileReference; fileEncoding = 4; lastKnownFileType = sourcecode.c.objc; path = XCZAuthorDetailsViewController.m; sourceTree = "<group>"; };
		05CC131219666B440014989C /* AuthorHeaderView.xib */ = {isa = PBXFileReference; fileEncoding = 4; lastKnownFileType = file.xib; path = AuthorHeaderView.xib; sourceTree = "<group>"; };
		05DF00C3195F0CE100175ABF /* xcz.app */ = {isa = PBXFileReference; explicitFileType = wrapper.application; includeInIndex = 0; path = xcz.app; sourceTree = BUILT_PRODUCTS_DIR; };
		05DF00C6195F0CE100175ABF /* Foundation.framework */ = {isa = PBXFileReference; lastKnownFileType = wrapper.framework; name = Foundation.framework; path = System/Library/Frameworks/Foundation.framework; sourceTree = SDKROOT; };
		05DF00C8195F0CE100175ABF /* CoreGraphics.framework */ = {isa = PBXFileReference; lastKnownFileType = wrapper.framework; name = CoreGraphics.framework; path = System/Library/Frameworks/CoreGraphics.framework; sourceTree = SDKROOT; };
		05DF00CA195F0CE100175ABF /* UIKit.framework */ = {isa = PBXFileReference; lastKnownFileType = wrapper.framework; name = UIKit.framework; path = System/Library/Frameworks/UIKit.framework; sourceTree = SDKROOT; };
		05DF00CC195F0CE100175ABF /* CoreData.framework */ = {isa = PBXFileReference; lastKnownFileType = wrapper.framework; name = CoreData.framework; path = System/Library/Frameworks/CoreData.framework; sourceTree = SDKROOT; };
		05DF00D0195F0CE100175ABF /* xcz-Info.plist */ = {isa = PBXFileReference; lastKnownFileType = text.plist.xml; path = "xcz-Info.plist"; sourceTree = "<group>"; };
		05DF00D2195F0CE100175ABF /* en */ = {isa = PBXFileReference; lastKnownFileType = text.plist.strings; name = en; path = en.lproj/InfoPlist.strings; sourceTree = "<group>"; };
		05DF00D4195F0CE100175ABF /* main.m */ = {isa = PBXFileReference; lastKnownFileType = sourcecode.c.objc; path = main.m; sourceTree = "<group>"; };
		05DF00D6195F0CE100175ABF /* xcz-Prefix.pch */ = {isa = PBXFileReference; lastKnownFileType = sourcecode.c.h; path = "xcz-Prefix.pch"; sourceTree = "<group>"; };
		05DF00D7195F0CE100175ABF /* XCZAppDelegate.h */ = {isa = PBXFileReference; lastKnownFileType = sourcecode.c.h; path = XCZAppDelegate.h; sourceTree = "<group>"; };
		05DF00D8195F0CE100175ABF /* XCZAppDelegate.m */ = {isa = PBXFileReference; lastKnownFileType = sourcecode.c.objc; path = XCZAppDelegate.m; sourceTree = "<group>"; };
		05DF00DD195F0CE100175ABF /* Images.xcassets */ = {isa = PBXFileReference; lastKnownFileType = folder.assetcatalog; path = Images.xcassets; sourceTree = "<group>"; };
		05DF00E3195F0CE100175ABF /* xczTests.xctest */ = {isa = PBXFileReference; explicitFileType = wrapper.cfbundle; includeInIndex = 0; path = xczTests.xctest; sourceTree = BUILT_PRODUCTS_DIR; };
		05DF00E4195F0CE100175ABF /* XCTest.framework */ = {isa = PBXFileReference; lastKnownFileType = wrapper.framework; name = XCTest.framework; path = Library/Frameworks/XCTest.framework; sourceTree = DEVELOPER_DIR; };
		05DF00ED195F0CE100175ABF /* xczTests-Info.plist */ = {isa = PBXFileReference; lastKnownFileType = text.plist.xml; path = "xczTests-Info.plist"; sourceTree = "<group>"; };
		05DF00EF195F0CE100175ABF /* en */ = {isa = PBXFileReference; lastKnownFileType = text.plist.strings; name = en; path = en.lproj/InfoPlist.strings; sourceTree = "<group>"; };
		05DF00F1195F0CE100175ABF /* xczTests.m */ = {isa = PBXFileReference; lastKnownFileType = sourcecode.c.objc; path = xczTests.m; sourceTree = "<group>"; };
		373599EB20404398AE2FC10B /* libPods-xcz.a */ = {isa = PBXFileReference; explicitFileType = archive.ar; includeInIndex = 0; path = "libPods-xcz.a"; sourceTree = BUILT_PRODUCTS_DIR; };
		B2746BE289C74C47AEA1EF75 /* Pods-xcz.xcconfig */ = {isa = PBXFileReference; includeInIndex = 1; lastKnownFileType = text.xcconfig; name = "Pods-xcz.xcconfig"; path = "Pods/Pods-xcz.xcconfig"; sourceTree = "<group>"; };
/* End PBXFileReference section */

/* Begin PBXFrameworksBuildPhase section */
		05DF00C0195F0CE100175ABF /* Frameworks */ = {
			isa = PBXFrameworksBuildPhase;
			buildActionMask = 2147483647;
			files = (
				05DF00C9195F0CE100175ABF /* CoreGraphics.framework in Frameworks */,
				05DF00CD195F0CE100175ABF /* CoreData.framework in Frameworks */,
				05DF00CB195F0CE100175ABF /* UIKit.framework in Frameworks */,
				05DF00C7195F0CE100175ABF /* Foundation.framework in Frameworks */,
				CABD71F26B624951841B653B /* libPods-xcz.a in Frameworks */,
			);
			runOnlyForDeploymentPostprocessing = 0;
		};
		05DF00E0195F0CE100175ABF /* Frameworks */ = {
			isa = PBXFrameworksBuildPhase;
			buildActionMask = 2147483647;
			files = (
				05DF00E5195F0CE100175ABF /* XCTest.framework in Frameworks */,
				05DF00E8195F0CE100175ABF /* CoreData.framework in Frameworks */,
				05DF00E7195F0CE100175ABF /* UIKit.framework in Frameworks */,
				05DF00E6195F0CE100175ABF /* Foundation.framework in Frameworks */,
			);
			runOnlyForDeploymentPostprocessing = 0;
		};
/* End PBXFrameworksBuildPhase section */

/* Begin PBXGroup section */
		05CC12F9196569E80014989C /* Models */ = {
			isa = PBXGroup;
			children = (
				05CC12F6196569DD0014989C /* XCZAuthor.h */,
				05CC12F7196569DD0014989C /* XCZAuthor.m */,
				05B2287D196024ED00F91BCC /* XCZWork.h */,
				05B2287E196024ED00F91BCC /* XCZWork.m */,
				05CC12FA196583F60014989C /* XCZDynasty.h */,
				05CC12FB196583F60014989C /* XCZDynasty.m */,
			);
			name = Models;
			sourceTree = "<group>";
		};
		05CC12FD196586890014989C /* Views */ = {
			isa = PBXGroup;
			children = (
				05CC130D1966689F0014989C /* XCZAuthorDetailsViewController.h */,
				05CC130E1966689F0014989C /* XCZAuthorDetailsViewController.m */,
				05B22876195F0F1600F91BCC /* XCZWorksViewController.h */,
				05B22877195F0F1600F91BCC /* XCZWorksViewController.m */,
				05CC12F3196569690014989C /* XCZAuthorsViewController.h */,
				05CC12F4196569690014989C /* XCZAuthorsViewController.m */,
				05ABB5C71961525900341AAC /* XCZWorkDetailViewController.h */,
				05ABB5C81961525900341AAC /* XCZWorkDetailViewController.m */,
				05ABB5C91961525900341AAC /* XCZWorkDetailViewController.xib */,
				05CC131219666B440014989C /* AuthorHeaderView.xib */,
			);
			name = Views;
			sourceTree = "<group>";
		};
		05DF00BA195F0CE100175ABF = {
			isa = PBXGroup;
			children = (
				05DF00CE195F0CE100175ABF /* xcz */,
				05DF00EB195F0CE100175ABF /* xczTests */,
				05DF00C5195F0CE100175ABF /* Frameworks */,
				05DF00C4195F0CE100175ABF /* Products */,
				B2746BE289C74C47AEA1EF75 /* Pods-xcz.xcconfig */,
			);
			sourceTree = "<group>";
		};
		05DF00C4195F0CE100175ABF /* Products */ = {
			isa = PBXGroup;
			children = (
				05DF00C3195F0CE100175ABF /* xcz.app */,
				05DF00E3195F0CE100175ABF /* xczTests.xctest */,
			);
			name = Products;
			sourceTree = "<group>";
		};
		05DF00C5195F0CE100175ABF /* Frameworks */ = {
			isa = PBXGroup;
			children = (
				05DF00C6195F0CE100175ABF /* Foundation.framework */,
				05DF00C8195F0CE100175ABF /* CoreGraphics.framework */,
				05DF00CA195F0CE100175ABF /* UIKit.framework */,
				05DF00CC195F0CE100175ABF /* CoreData.framework */,
				05DF00E4195F0CE100175ABF /* XCTest.framework */,
				373599EB20404398AE2FC10B /* libPods-xcz.a */,
			);
			name = Frameworks;
			sourceTree = "<group>";
		};
		05DF00CE195F0CE100175ABF /* xcz */ = {
			isa = PBXGroup;
			children = (
				05CC12FD196586890014989C /* Views */,
				05CC12F9196569E80014989C /* Models */,
				05DF00D7195F0CE100175ABF /* XCZAppDelegate.h */,
				05DF00D8195F0CE100175ABF /* XCZAppDelegate.m */,
				05DF00DD195F0CE100175ABF /* Images.xcassets */,
				05DF00CF195F0CE100175ABF /* Supporting Files */,
			);
			path = xcz;
			sourceTree = "<group>";
		};
		05DF00CF195F0CE100175ABF /* Supporting Files */ = {
			isa = PBXGroup;
			children = (
				05B2287B195FCEBE00F91BCC /* xcz.db */,
				05DF00D0195F0CE100175ABF /* xcz-Info.plist */,
				05DF00D1195F0CE100175ABF /* InfoPlist.strings */,
				05DF00D4195F0CE100175ABF /* main.m */,
				05DF00D6195F0CE100175ABF /* xcz-Prefix.pch */,
			);
			name = "Supporting Files";
			sourceTree = "<group>";
		};
		05DF00EB195F0CE100175ABF /* xczTests */ = {
			isa = PBXGroup;
			children = (
				05DF00F1195F0CE100175ABF /* xczTests.m */,
				05DF00EC195F0CE100175ABF /* Supporting Files */,
			);
			path = xczTests;
			sourceTree = "<group>";
		};
		05DF00EC195F0CE100175ABF /* Supporting Files */ = {
			isa = PBXGroup;
			children = (
				05DF00ED195F0CE100175ABF /* xczTests-Info.plist */,
				05DF00EE195F0CE100175ABF /* InfoPlist.strings */,
			);
			name = "Supporting Files";
			sourceTree = "<group>";
		};
/* End PBXGroup section */

/* Begin PBXNativeTarget section */
		05DF00C2195F0CE100175ABF /* xcz */ = {
			isa = PBXNativeTarget;
			buildConfigurationList = 05DF00F5195F0CE100175ABF /* Build configuration list for PBXNativeTarget "xcz" */;
			buildPhases = (
				9A222FDB2DB94392BEE9375E /* Check Pods Manifest.lock */,
				05DF00BF195F0CE100175ABF /* Sources */,
				05DF00C0195F0CE100175ABF /* Frameworks */,
				05DF00C1195F0CE100175ABF /* Resources */,
				D3A423F2841247EE8ACF5249 /* Copy Pods Resources */,
			);
			buildRules = (
			);
			dependencies = (
			);
			name = xcz;
			productName = xcz;
			productReference = 05DF00C3195F0CE100175ABF /* xcz.app */;
			productType = "com.apple.product-type.application";
		};
		05DF00E2195F0CE100175ABF /* xczTests */ = {
			isa = PBXNativeTarget;
			buildConfigurationList = 05DF00F8195F0CE100175ABF /* Build configuration list for PBXNativeTarget "xczTests" */;
			buildPhases = (
				05DF00DF195F0CE100175ABF /* Sources */,
				05DF00E0195F0CE100175ABF /* Frameworks */,
				05DF00E1195F0CE100175ABF /* Resources */,
			);
			buildRules = (
			);
			dependencies = (
				05DF00EA195F0CE100175ABF /* PBXTargetDependency */,
			);
			name = xczTests;
			productName = xczTests;
			productReference = 05DF00E3195F0CE100175ABF /* xczTests.xctest */;
			productType = "com.apple.product-type.bundle.unit-test";
		};
/* End PBXNativeTarget section */

/* Begin PBXProject section */
		05DF00BB195F0CE100175ABF /* Project object */ = {
			isa = PBXProject;
			attributes = {
				CLASSPREFIX = XCZ;
				LastUpgradeCheck = 0510;
				ORGANIZATIONNAME = "Zhipeng Liu";
				TargetAttributes = {
					05DF00C2195F0CE100175ABF = {
						DevelopmentTeam = N26JLKH94G;
					};
					05DF00E2195F0CE100175ABF = {
						TestTargetID = 05DF00C2195F0CE100175ABF;
					};
				};
			};
			buildConfigurationList = 05DF00BE195F0CE100175ABF /* Build configuration list for PBXProject "xcz" */;
			compatibilityVersion = "Xcode 3.2";
			developmentRegion = English;
			hasScannedForEncodings = 0;
			knownRegions = (
				en,
			);
			mainGroup = 05DF00BA195F0CE100175ABF;
			productRefGroup = 05DF00C4195F0CE100175ABF /* Products */;
			projectDirPath = "";
			projectRoot = "";
			targets = (
				05DF00C2195F0CE100175ABF /* xcz */,
				05DF00E2195F0CE100175ABF /* xczTests */,
			);
		};
/* End PBXProject section */

/* Begin PBXResourcesBuildPhase section */
		05DF00C1195F0CE100175ABF /* Resources */ = {
			isa = PBXResourcesBuildPhase;
			buildActionMask = 2147483647;
			files = (
				05CC131319666B440014989C /* AuthorHeaderView.xib in Resources */,
				05B2287C195FD19500F91BCC /* xcz.db in Resources */,
				05DF00D3195F0CE100175ABF /* InfoPlist.strings in Resources */,
				05ABB5CB1961525900341AAC /* XCZWorkDetailViewController.xib in Resources */,
				05DF00DE195F0CE100175ABF /* Images.xcassets in Resources */,
			);
			runOnlyForDeploymentPostprocessing = 0;
		};
		05DF00E1195F0CE100175ABF /* Resources */ = {
			isa = PBXResourcesBuildPhase;
			buildActionMask = 2147483647;
			files = (
				05DF00F0195F0CE100175ABF /* InfoPlist.strings in Resources */,
			);
			runOnlyForDeploymentPostprocessing = 0;
		};
/* End PBXResourcesBuildPhase section */

/* Begin PBXShellScriptBuildPhase section */
		9A222FDB2DB94392BEE9375E /* Check Pods Manifest.lock */ = {
			isa = PBXShellScriptBuildPhase;
			buildActionMask = 2147483647;
			files = (
			);
			inputPaths = (
			);
			name = "Check Pods Manifest.lock";
			outputPaths = (
			);
			runOnlyForDeploymentPostprocessing = 0;
			shellPath = /bin/sh;
			shellScript = "diff \"${PODS_ROOT}/../Podfile.lock\" \"${PODS_ROOT}/Manifest.lock\" > /dev/null\nif [[ $? != 0 ]] ; then\n    cat << EOM\nerror: The sandbox is not in sync with the Podfile.lock. Run 'pod install' or update your CocoaPods installation.\nEOM\n    exit 1\nfi\n";
			showEnvVarsInLog = 0;
		};
		D3A423F2841247EE8ACF5249 /* Copy Pods Resources */ = {
			isa = PBXShellScriptBuildPhase;
			buildActionMask = 2147483647;
			files = (
			);
			inputPaths = (
			);
			name = "Copy Pods Resources";
			outputPaths = (
			);
			runOnlyForDeploymentPostprocessing = 0;
			shellPath = /bin/sh;
			shellScript = "\"${SRCROOT}/Pods/Pods-xcz-resources.sh\"\n";
			showEnvVarsInLog = 0;
		};
/* End PBXShellScriptBuildPhase section */

/* Begin PBXSourcesBuildPhase section */
		05DF00BF195F0CE100175ABF /* Sources */ = {
			isa = PBXSourcesBuildPhase;
			buildActionMask = 2147483647;
			files = (
				05CC12FC196583F60014989C /* XCZDynasty.m in Sources */,
				05B2287F196024ED00F91BCC /* XCZWork.m in Sources */,
				05CC12F8196569DD0014989C /* XCZAuthor.m in Sources */,
				05CC13101966689F0014989C /* XCZAuthorDetailsViewController.m in Sources */,
				05B22879195F0F1600F91BCC /* XCZWorksViewController.m in Sources */,
				05DF00D9195F0CE100175ABF /* XCZAppDelegate.m in Sources */,
				05CC12F5196569690014989C /* XCZAuthorsViewController.m in Sources */,
				05DF00D5195F0CE100175ABF /* main.m in Sources */,
				05ABB5CA1961525900341AAC /* XCZWorkDetailViewController.m in Sources */,
			);
			runOnlyForDeploymentPostprocessing = 0;
		};
		05DF00DF195F0CE100175ABF /* Sources */ = {
			isa = PBXSourcesBuildPhase;
			buildActionMask = 2147483647;
			files = (
				05DF00F2195F0CE100175ABF /* xczTests.m in Sources */,
			);
			runOnlyForDeploymentPostprocessing = 0;
		};
/* End PBXSourcesBuildPhase section */

/* Begin PBXTargetDependency section */
		05DF00EA195F0CE100175ABF /* PBXTargetDependency */ = {
			isa = PBXTargetDependency;
			target = 05DF00C2195F0CE100175ABF /* xcz */;
			targetProxy = 05DF00E9195F0CE100175ABF /* PBXContainerItemProxy */;
		};
/* End PBXTargetDependency section */

/* Begin PBXVariantGroup section */
		05DF00D1195F0CE100175ABF /* InfoPlist.strings */ = {
			isa = PBXVariantGroup;
			children = (
				05DF00D2195F0CE100175ABF /* en */,
			);
			name = InfoPlist.strings;
			sourceTree = "<group>";
		};
		05DF00EE195F0CE100175ABF /* InfoPlist.strings */ = {
			isa = PBXVariantGroup;
			children = (
				05DF00EF195F0CE100175ABF /* en */,
			);
			name = InfoPlist.strings;
			sourceTree = "<group>";
		};
/* End PBXVariantGroup section */

/* Begin XCBuildConfiguration section */
		05DF00F3195F0CE100175ABF /* Debug */ = {
			isa = XCBuildConfiguration;
			buildSettings = {
				ALWAYS_SEARCH_USER_PATHS = NO;
				CLANG_CXX_LANGUAGE_STANDARD = "gnu++0x";
				CLANG_CXX_LIBRARY = "libc++";
				CLANG_ENABLE_MODULES = YES;
				CLANG_ENABLE_OBJC_ARC = YES;
				CLANG_WARN_BOOL_CONVERSION = YES;
				CLANG_WARN_CONSTANT_CONVERSION = YES;
				CLANG_WARN_DIRECT_OBJC_ISA_USAGE = YES_ERROR;
				CLANG_WARN_EMPTY_BODY = YES;
				CLANG_WARN_ENUM_CONVERSION = YES;
				CLANG_WARN_INT_CONVERSION = YES;
				CLANG_WARN_OBJC_ROOT_CLASS = YES_ERROR;
				CLANG_WARN__DUPLICATE_METHOD_MATCH = YES;
				"CODE_SIGN_IDENTITY[sdk=iphoneos*]" = "iPhone Developer";
				COPY_PHASE_STRIP = NO;
				GCC_C_LANGUAGE_STANDARD = gnu99;
				GCC_DYNAMIC_NO_PIC = NO;
				GCC_OPTIMIZATION_LEVEL = 0;
				GCC_PREPROCESSOR_DEFINITIONS = (
					"DEBUG=1",
					"$(inherited)",
				);
				GCC_SYMBOLS_PRIVATE_EXTERN = NO;
				GCC_WARN_64_TO_32_BIT_CONVERSION = YES;
				GCC_WARN_ABOUT_RETURN_TYPE = YES_ERROR;
				GCC_WARN_UNDECLARED_SELECTOR = YES;
				GCC_WARN_UNINITIALIZED_AUTOS = YES_AGGRESSIVE;
				GCC_WARN_UNUSED_FUNCTION = YES;
				GCC_WARN_UNUSED_VARIABLE = YES;
				IPHONEOS_DEPLOYMENT_TARGET = 7.1;
				ONLY_ACTIVE_ARCH = YES;
				SDKROOT = iphoneos;
			};
			name = Debug;
		};
		05DF00F4195F0CE100175ABF /* Release */ = {
			isa = XCBuildConfiguration;
			buildSettings = {
				ALWAYS_SEARCH_USER_PATHS = NO;
				CLANG_CXX_LANGUAGE_STANDARD = "gnu++0x";
				CLANG_CXX_LIBRARY = "libc++";
				CLANG_ENABLE_MODULES = YES;
				CLANG_ENABLE_OBJC_ARC = YES;
				CLANG_WARN_BOOL_CONVERSION = YES;
				CLANG_WARN_CONSTANT_CONVERSION = YES;
				CLANG_WARN_DIRECT_OBJC_ISA_USAGE = YES_ERROR;
				CLANG_WARN_EMPTY_BODY = YES;
				CLANG_WARN_ENUM_CONVERSION = YES;
				CLANG_WARN_INT_CONVERSION = YES;
				CLANG_WARN_OBJC_ROOT_CLASS = YES_ERROR;
				CLANG_WARN__DUPLICATE_METHOD_MATCH = YES;
				"CODE_SIGN_IDENTITY[sdk=iphoneos*]" = "iPhone Developer";
				COPY_PHASE_STRIP = YES;
				ENABLE_NS_ASSERTIONS = NO;
				GCC_C_LANGUAGE_STANDARD = gnu99;
				GCC_WARN_64_TO_32_BIT_CONVERSION = YES;
				GCC_WARN_ABOUT_RETURN_TYPE = YES_ERROR;
				GCC_WARN_UNDECLARED_SELECTOR = YES;
				GCC_WARN_UNINITIALIZED_AUTOS = YES_AGGRESSIVE;
				GCC_WARN_UNUSED_FUNCTION = YES;
				GCC_WARN_UNUSED_VARIABLE = YES;
				IPHONEOS_DEPLOYMENT_TARGET = 7.1;
				SDKROOT = iphoneos;
				VALIDATE_PRODUCT = YES;
			};
			name = Release;
		};
		05DF00F6195F0CE100175ABF /* Debug */ = {
			isa = XCBuildConfiguration;
			baseConfigurationReference = B2746BE289C74C47AEA1EF75 /* Pods-xcz.xcconfig */;
			buildSettings = {
				ASSETCATALOG_COMPILER_APPICON_NAME = AppIcon;
				ASSETCATALOG_COMPILER_LAUNCHIMAGE_NAME = LaunchImage;
				CODE_SIGN_IDENTITY = "iPhone Developer";
				"CODE_SIGN_IDENTITY[sdk=iphoneos*]" = "iPhone Developer";
				GCC_PRECOMPILE_PREFIX_HEADER = YES;
				GCC_PREFIX_HEADER = "xcz/xcz-Prefix.pch";
				INFOPLIST_FILE = "xcz/xcz-Info.plist";
				IPHONEOS_DEPLOYMENT_TARGET = 7.1;
				PRODUCT_NAME = "$(TARGET_NAME)";
				PROVISIONING_PROFILE = "";
				TARGETED_DEVICE_FAMILY = 1;
				WRAPPER_EXTENSION = app;
			};
			name = Debug;
		};
		05DF00F7195F0CE100175ABF /* Release */ = {
			isa = XCBuildConfiguration;
			baseConfigurationReference = B2746BE289C74C47AEA1EF75 /* Pods-xcz.xcconfig */;
			buildSettings = {
				ASSETCATALOG_COMPILER_APPICON_NAME = AppIcon;
				ASSETCATALOG_COMPILER_LAUNCHIMAGE_NAME = LaunchImage;
				CODE_SIGN_IDENTITY = "iPhone Developer";
				"CODE_SIGN_IDENTITY[sdk=iphoneos*]" = "iPhone Developer";
				GCC_PRECOMPILE_PREFIX_HEADER = YES;
				GCC_PREFIX_HEADER = "xcz/xcz-Prefix.pch";
				INFOPLIST_FILE = "xcz/xcz-Info.plist";
				IPHONEOS_DEPLOYMENT_TARGET = 7.1;
				PRODUCT_NAME = "$(TARGET_NAME)";
				PROVISIONING_PROFILE = "";
				TARGETED_DEVICE_FAMILY = 1;
				WRAPPER_EXTENSION = app;
			};
			name = Release;
		};
		05DF00F9195F0CE100175ABF /* Debug */ = {
			isa = XCBuildConfiguration;
			buildSettings = {
				BUNDLE_LOADER = "$(BUILT_PRODUCTS_DIR)/xcz.app/xcz";
				FRAMEWORK_SEARCH_PATHS = (
					"$(SDKROOT)/Developer/Library/Frameworks",
					"$(inherited)",
					"$(DEVELOPER_FRAMEWORKS_DIR)",
				);
				GCC_PRECOMPILE_PREFIX_HEADER = YES;
				GCC_PREFIX_HEADER = "xcz/xcz-Prefix.pch";
				GCC_PREPROCESSOR_DEFINITIONS = (
					"DEBUG=1",
					"$(inherited)",
				);
				INFOPLIST_FILE = "xczTests/xczTests-Info.plist";
				PRODUCT_NAME = "$(TARGET_NAME)";
				TEST_HOST = "$(BUNDLE_LOADER)";
				WRAPPER_EXTENSION = xctest;
			};
			name = Debug;
		};
		05DF00FA195F0CE100175ABF /* Release */ = {
			isa = XCBuildConfiguration;
			buildSettings = {
				BUNDLE_LOADER = "$(BUILT_PRODUCTS_DIR)/xcz.app/xcz";
				FRAMEWORK_SEARCH_PATHS = (
					"$(SDKROOT)/Developer/Library/Frameworks",
					"$(inherited)",
					"$(DEVELOPER_FRAMEWORKS_DIR)",
				);
				GCC_PRECOMPILE_PREFIX_HEADER = YES;
				GCC_PREFIX_HEADER = "xcz/xcz-Prefix.pch";
				INFOPLIST_FILE = "xczTests/xczTests-Info.plist";
				PRODUCT_NAME = "$(TARGET_NAME)";
				TEST_HOST = "$(BUNDLE_LOADER)";
				WRAPPER_EXTENSION = xctest;
			};
			name = Release;
		};
/* End XCBuildConfiguration section */

/* Begin XCConfigurationList section */
		05DF00BE195F0CE100175ABF /* Build configuration list for PBXProject "xcz" */ = {
			isa = XCConfigurationList;
			buildConfigurations = (
				05DF00F3195F0CE100175ABF /* Debug */,
				05DF00F4195F0CE100175ABF /* Release */,
			);
			defaultConfigurationIsVisible = 0;
			defaultConfigurationName = Release;
		};
		05DF00F5195F0CE100175ABF /* Build configuration list for PBXNativeTarget "xcz" */ = {
			isa = XCConfigurationList;
			buildConfigurations = (
				05DF00F6195F0CE100175ABF /* Debug */,
				05DF00F7195F0CE100175ABF /* Release */,
			);
			defaultConfigurationIsVisible = 0;
			defaultConfigurationName = Release;
		};
		05DF00F8195F0CE100175ABF /* Build configuration list for PBXNativeTarget "xczTests" */ = {
			isa = XCConfigurationList;
			buildConfigurations = (
				05DF00F9195F0CE100175ABF /* Debug */,
				05DF00FA195F0CE100175ABF /* Release */,
			);
			defaultConfigurationIsVisible = 0;
			defaultConfigurationName = Release;
		};
/* End XCConfigurationList section */
	};
	rootObject = 05DF00BB195F0CE100175ABF /* Project object */;
}
